Microsoft Visual Studio Solution File, Format Version 12.00
# Visual Studio Version 16
VisualStudioVersion = 16.0.0.0
MinimumVisualStudioVersion = 16.0.0.0
Project("{9A19103F-16F7-4668-BE54-9A1E7A4F7556}") = "AirPonic", "AirPonic\AirPonic.csproj", "{ADE43B10-D6FB-45D7-9995-E919BF58A36C}"
EndProject
Project("{9A19103F-16F7-4668-BE54-9A1E7A4F7556}") = "AirPonic.Client", "AirPonic.Client\AirPonic.Client.csproj", "{B362A6ED-CFF3-4405-B814-10E5CE36A8EB}"
EndProject
Global
	GlobalSection(SolutionConfigurationPlatforms) = preSolution
		Debug|Any CPU = Debug|Any CPU
		Debug|x64 = Debug|x64
		Debug|x86 = Debug|x86
		Release|Any CPU = Release|Any CPU
		Release|x64 = Release|x64
		Release|x86 = Release|x86
	EndGlobalSection
	GlobalSection(ProjectConfigurationPlatforms) = postSolution
		{B362A6ED-CFF3-4405-B814-10E5CE36A8EB}.Debug|Any CPU.ActiveCfg = Debug|Any CPU
		{B362A6ED-CFF3-4405-B814-10E5CE36A8EB}.Debug|Any CPU.Build.0 = Debug|Any CPU
		{B362A6ED-CFF3-4405-B814-10E5CE36A8EB}.Debug|x64.ActiveCfg = Debug|Any CPU
		{B362A6ED-CFF3-4405-B814-10E5CE36A8EB}.Debug|x64.Build.0 = Debug|Any CPU
		{B362A6ED-CFF3-4405-B814-10E5CE36A8EB}.Debug|x86.ActiveCfg = Debug|Any CPU
		{B362A6ED-CFF3-4405-B814-10E5CE36A8EB}.Debug|x86.Build.0 = Debug|Any CPU
		{B362A6ED-CFF3-4405-B814-10E5CE36A8EB}.Release|Any CPU.ActiveCfg = Release|Any CPU
		{B362A6ED-CFF3-4405-B814-10E5CE36A8EB}.Release|Any CPU.Build.0 = Release|Any CPU
		{B362A6ED-CFF3-4405-B814-10E5CE36A8EB}.Release|x64.ActiveCfg = Release|Any CPU
		{B362A6ED-CFF3-4405-B814-10E5CE36A8EB}.Release|x64.Build.0 = Release|Any CPU
		{B362A6ED-CFF3-4405-B814-10E5CE36A8EB}.Release|x86.ActiveCfg = Release|Any CPU
		{B362A6ED-CFF3-4405-B814-10E5CE36A8EB}.Release|x86.Build.0 = Release|Any CPU
		{ADE43B10-D6FB-45D7-9995-E919BF58A36C}.Debug|Any CPU.ActiveCfg = Debug|Any CPU
		{ADE43B10-D6FB-45D7-9995-E919BF58A36C}.Debug|Any CPU.Build.0 = Debug|Any CPU
		{ADE43B10-D6FB-45D7-9995-E919BF58A36C}.Debug|x64.ActiveCfg = Debug|Any CPU
		{ADE43B10-D6FB-45D7-9995-E919BF58A36C}.Debug|x64.Build.0 = Debug|Any CPU
		{ADE43B10-D6FB-45D7-9995-E919BF58A36C}.Debug|x86.ActiveCfg = Debug|Any CPU
		{ADE43B10-D6FB-45D7-9995-E919BF58A36C}.Debug|x86.Build.0 = Debug|Any CPU
		{ADE43B10-D6FB-45D7-9995-E919BF58A36C}.Release|Any CPU.ActiveCfg = Release|Any CPU
		{ADE43B10-D6FB-45D7-9995-E919BF58A36C}.Release|Any CPU.Build.0 = Release|Any CPU
		{ADE43B10-D6FB-45D7-9995-E919BF58A36C}.Release|x64.ActiveCfg = Release|Any CPU
		{ADE43B10-D6FB-45D7-9995-E919BF58A36C}.Release|x64.Build.0 = Release|Any CPU
		{ADE43B10-D6FB-45D7-9995-E919BF58A36C}.Release|x86.ActiveCfg = Release|Any CPU
		{ADE43B10-D6FB-45D7-9995-E919BF58A36C}.Release|x86.Build.0 = Release|Any CPU
	EndGlobalSection
	GlobalSection(SolutionProperties) = preSolution
		HideSolutionNode = FALSE
	EndGlobalSection
	GlobalSection(ExtensibilityGlobals) = postSolution
		SolutionGuid = {8915B127-E278-495F-8269-1CB416C101C6}
	EndGlobalSection
EndGlobal
